# This file was autogenerated by Stack.
# You should not edit this file by hand.
# For more information, please see the documentation at:
#   https://docs.haskellstack.org/en/stable/topics/lock_files

packages:
- completed:
    name: ede
    pantry-tree:
      sha256: 51f0fb56845663f47e7aa3da21e206373bc169e2066f483d0cf3310122cda25b
      size: 6891
    sha256: d0c3f08a2e37cb137e2bdfaea483fb906cdcdd45a6f5c4be1baa735ac3c2f25e
    size: 39474
    url: https://github.com/tweag/ede/archive/70d34146d01a3766f2aef1a580e4224238ed6f90.tar.gz
    version: 0.3.3.0
  original:
    url: https://github.com/tweag/ede/archive/70d34146d01a3766f2aef1a580e4224238ed6f90.tar.gz
- completed:
    name: servant-ede
    pantry-tree:
      sha256: 28050de64fa2a0648e1599c0173d6c88b13340f0c55449dfdf85c8cd16b82253
      size: 915
    sha256: 812040dd532539959dce156d7b0589842a82a3b23a276f7a62aa5cf0a3b87d11
    size: 10696
    url: https://github.com/alpmestan/servant-ede/archive/173fecca9078bc2e81ff4d6244f08b15d70f81b5.tar.gz
    version: 1.0.0.0
  original:
    url: https://github.com/alpmestan/servant-ede/archive/173fecca9078bc2e81ff4d6244f08b15d70f81b5.tar.gz
- completed:
    name: servant
    pantry-tree:
      sha256: 9755de5684c081fd8db8dabf80c529edf35799cd316e5ac4a6035a9e5bd337f4
      size: 3527
    sha256: 144a5e9b5a5d4a8d281d7e405158f2224615f54ef2ceb81394af05e568aad21f
    size: 556248
    subdir: servant
    url: https://github.com/haskell-servant/servant/archive/866e272feb42411aa208f21898c190f1c117780d.tar.gz
    version: 0.20.3.0
  original:
    subdir: servant
    url: https://github.com/haskell-servant/servant/archive/866e272feb42411aa208f21898c190f1c117780d.tar.gz
- completed:
    name: tmp-postgres
    pantry-tree:
      sha256: 7113d11937f2180afe164dd20bb4967e0269c0a150b30b5e05929614b32c3729
      size: 1616
    sha256: df2750ce45f6c1c89faac6435c4180c535378f4ad726559ed319b85bc05091c2
    size: 41308
    url: https://github.com/jfischoff/tmp-postgres/archive/7f2467a6d6d5f6db7eed59919a6773fe006cf22b.tar.gz
    version: 1.35.0.0
  original:
    url: https://github.com/jfischoff/tmp-postgres/archive/7f2467a6d6d5f6db7eed59919a6773fe006cf22b.tar.gz
- completed:
    name: hackage-server
    pantry-tree:
      sha256: 196408a57b7014263ffff5eced4857634b0cb227a2b52a936f40117fbbafe7f5
      size: 33136
    sha256: ff7ba9a3639306e5e3dfdd04b775ad2cd95286fdb751993dbac4de9edcce4727
    size: 637628
    url: https://github.com/tweag/hackage-server/archive/b9323fbe44f532e31bdbcc7cdbc1e7f8f3d77dae.tar.gz
    version: '0.6'
  original:
    url: https://github.com/tweag/hackage-server/archive/b9323fbe44f532e31bdbcc7cdbc1e7f8f3d77dae.tar.gz
- completed:
    hackage: Cabal-3.16.1.0@sha256:39873317ab895194547c3fd72c91cdb97c800a49b2656920854747ee466627ca,14459
    pantry-tree:
      sha256: b6ac49163659ec305805fc0d2c0564c35fac7132f4c5be6689d0c80a6405ecf0
      size: 12139
  original:
    hackage: Cabal-3.16.1.0
- completed:
    hackage: Cabal-syntax-3.16.1.0@sha256:17cf54d07d7aa65ea24ba4045912b8a8af065f10e429fd1811d43810b313c504,7778
    pantry-tree:
      sha256: 1db24d3ca877095a7c4f99fda3c58155a33d8041dfe9faa886420c43572330a3
      size: 11238
  original:
    hackage: Cabal-syntax-3.16.1.0
- completed:
    hackage: hspec-wai-0.12.1@sha256:d48bc37d6f7ec649abae52f8295ae1d0282f47f8bfa6206ba7193f449c0b4dce,2329
    pantry-tree:
      sha256: 576bc567f3e3efb244645fe6fd4c530a0033a8f757f5fc3f9966b39b8f1498a4
      size: 809
  original:
    hackage: hspec-wai-0.12.1
- completed:
    hackage: rel8-1.7.0.0@sha256:8007f7aa1173fee39c3dc54b45c3f22bcfaf0b1db8c09176c96b24dce232ac06,6346
    pantry-tree:
      sha256: 9ba293f338029e9825139d165463b0b3e768c689806f569687cb2281c858f1f8
      size: 11523
  original:
    hackage: rel8-1.7.0.0
- completed:
    hackage: request-0.4.0.0@sha256:ed44dc5de6d07774188bf23316a34b582b0ed0cadaf47ce4c87a6fa155ad03a0,1472
    pantry-tree:
      sha256: dfd3abab3ed2a9ece3ed38b064828cf1046785f4b5ca9d7f18b3d60ba60c72a6
      size: 321
  original:
    hackage: request-0.4.0.0
- completed:
    hackage: tar-0.7.1.0@sha256:6754dab008f513734cf78a8a2eb80b60f3952ce18fd874a88b42edcefc9030dd,4805
    pantry-tree:
      sha256: 3e82a22ad190711cecd8c91524a2b024c5647194a09a319229ee9a48afa803dc
      size: 2242
  original:
    hackage: tar-0.7.1.0
snapshots:
- completed:
    sha256: 6406d8039dd538f18fc0d242f01c7066ee386d81ba3c8751b914ac1ae193ec5d
    size: 728959
    url: https://raw.githubusercontent.com/commercialhaskell/stackage-snapshots/master/lts/24/35.yaml
  original: lts-24.35
