# This file was autogenerated by Stack.
# You should not edit this file by hand.
# For more information, please see the documentation at:
#   https://docs.haskellstack.org/en/stable/topics/lock_files

packages:
- completed:
    hackage: rel8-1.7.0.0@sha256:8007f7aa1173fee39c3dc54b45c3f22bcfaf0b1db8c09176c96b24dce232ac06,6346
    pantry-tree:
      sha256: 9ba293f338029e9825139d165463b0b3e768c689806f569687cb2281c858f1f8
      size: 11523
  original:
    hackage: rel8-1.7.0.0
- completed:
    name: servant-ede
    pantry-tree:
      sha256: ba98fb64a55d2126420f096917c9c02352d70aede2b30ee4907b77f4303aacbe
      size: 881
    sha256: d945f1c9ea4e938715b5aa9a8d3d83f898bfa0a696c0a501610f2f5ae65864ae
    size: 9542
    url: https://github.com/isovector/servant-ede/archive/bbbd3bf21c62fd828368506c865776d5ad0af018.tar.gz
    version: '0.6'
  original:
    url: https://github.com/isovector/servant-ede/archive/bbbd3bf21c62fd828368506c865776d5ad0af018.tar.gz
snapshots:
- completed:
    sha256: 6406d8039dd538f18fc0d242f01c7066ee386d81ba3c8751b914ac1ae193ec5d
    size: 728959
    url: https://raw.githubusercontent.com/commercialhaskell/stackage-snapshots/master/lts/24/35.yaml
  original: lts-24.35
