# This file was autogenerated by Stack.
# You should not edit this file by hand.
# For more information, please see the documentation at:
#   https://docs.haskellstack.org/en/stable/topics/lock_files

packages:
- completed:
    hackage: rel8-1.7.0.0@sha256:8007f7aa1173fee39c3dc54b45c3f22bcfaf0b1db8c09176c96b24dce232ac06,6346
    pantry-tree:
      sha256: 9ba293f338029e9825139d165463b0b3e768c689806f569687cb2281c858f1f8
      size: 11523
  original:
    hackage: rel8-1.7.0.0
- completed:
    name: servant-ede
    pantry-tree:
      sha256: de1e11ef07a5b75ab95717fa354dc9c32d1cb253fa4e5c1310d1774f96c9e3eb
      size: 863
    sha256: e31b780daa95379687d9d9e093ce2d08833e610d3d14e267ec49034a87b44cb8
    size: 9852
    url: https://github.com/isovector/servant-ede/archive/098dbc1eb15f944ad9728a40f578aac582a2bdde.tar.gz
    version: '0.6'
  original:
    url: https://github.com/isovector/servant-ede/archive/098dbc1eb15f944ad9728a40f578aac582a2bdde.tar.gz
snapshots:
- completed:
    sha256: 6406d8039dd538f18fc0d242f01c7066ee386d81ba3c8751b914ac1ae193ec5d
    size: 728959
    url: https://raw.githubusercontent.com/commercialhaskell/stackage-snapshots/master/lts/24/35.yaml
  original: lts-24.35
